
Microsoft Visual Studio Solution File, Format Version 12.00
# Visual Studio Version 17
VisualStudioVersion = 17.12.35728.132
MinimumVisualStudioVersion = 10.0.40219.1
Project("{FAE04EC0-301F-11D3-BF4B-00C04F79EFBC}") = "TupleEquality.Tests", "TupleEqualityTest\TupleEquality.Tests.csproj", "{3534FE30-235F-4439-B903-38CCE389CE82}"
EndProject
Project("{2150E333-8FDC-42A3-9474-1A3956D46DE8}") = "Solution Items", "Solution Items", "{B5170801-83CF-49E7-AA00-44B4414A5DB6}"
	ProjectSection(SolutionItems) = preProject
		CC-BY-4.0.md = CC-BY-4.0.md
		README.md = README.md
	EndProjectSection
EndProject
Global
	GlobalSection(SolutionConfigurationPlatforms) = preSolution
		Debug|Any CPU = Debug|Any CPU
		Release|Any CPU = Release|Any CPU
	EndGlobalSection
	GlobalSection(ProjectConfigurationPlatforms) = postSolution
		{3534FE30-235F-4439-B903-38CCE389CE82}.Debug|Any CPU.ActiveCfg = Debug|Any CPU
		{3534FE30-235F-4439-B903-38CCE389CE82}.Debug|Any CPU.Build.0 = Debug|Any CPU
		{3534FE30-235F-4439-B903-38CCE389CE82}.Release|Any CPU.ActiveCfg = Release|Any CPU
		{3534FE30-235F-4439-B903-38CCE389CE82}.Release|Any CPU.Build.0 = Release|Any CPU
	EndGlobalSection
	GlobalSection(SolutionProperties) = preSolution
		HideSolutionNode = FALSE
	EndGlobalSection
	GlobalSection(ExtensibilityGlobals) = postSolution
		SolutionGuid = {F5788D03-F7AE-4D6C-A475-6EC51BD8FDB6}
	EndGlobalSection
EndGlobal
